# THIS IS AN AUTOGENERATED FILE. DO NOT EDIT THIS FILE DIRECTLY.
# yarn lockfile v1


js-angusj-clipper@^1.1.1:
  version "1.1.1"
  resolved "https://registry.yarnpkg.com/js-angusj-clipper/-/js-angusj-clipper-1.1.1.tgz#37a5f509e798d9cc41220eb6bfc0165d9c41c6f6"
  integrity sha512-gXCBJPQM7dVbz36ipzM5IOvmsxK2RUsN5o9xIuhvztiULGZbtqHBb0AMZu2J9BYn54nubrY0pVhVMwWLcQ+Vhw==
